
Microsoft Visual Studio Solution File, Format Version 12.00
# Visual Studio 14
VisualStudioVersion = 14.0.24720.0
MinimumVisualStudioVersion = 10.0.40219.1
Project("{FAE04EC0-301F-11D3-BF4B-00C04F79EFBC}") = "MOSSWORKLOG", "MOSSWORKLOG\MOSSWORKLOG.csproj", "{1E1D8E21-B71D-4037-A55C-9F8413C2735C}"
EndProject
Project("{FAE04EC0-301F-11D3-BF4B-00C04F79EFBC}") = "MOSSWORKLOG.TESTS", "MOSSWORKLOG.Tests\MOSSWORKLOG.TESTS.csproj", "{4DA1C352-EB6F-43C4-9782-C42F0951FF63}"
EndProject
Project("{FAE04EC0-301F-11D3-BF4B-00C04F79EFBC}") = "MOSSWORKLOG.DATA", "MOSSWORKLOG.DATA\MOSSWORKLOG.DATA.csproj", "{3BFF1136-E9D1-48EF-B86B-47B1289464F1}"
EndProject
Project("{FAE04EC0-301F-11D3-BF4B-00C04F79EFBC}") = "MOSSWORKLOGAPP", "MOSSWORKLOGAPP\MOSSWORKLOGAPP.csproj", "{570E9FBC-67CE-4FC3-ADA7-2C7B21C09539}"
EndProject
Project("{FAE04EC0-301F-11D3-BF4B-00C04F79EFBC}") = "UserActivityMonitor", "Gma.UserActivityMonitor\UserActivityMonitor.csproj", "{F52AA97E-180A-40ED-8F2B-09080171D6C7}"
EndProject
Project("{54435603-DBB4-11D2-8724-00A0C9A8B90C}") = "MOSSWORKLOGSETUP", "MOSSWORLOGSETUP\MOSSWORKLOGSETUP.vdproj", "{899816F4-B5C6-4D3A-AECB-3F32643B776E}"
EndProject
Project("{2150E333-8FDC-42A3-9474-1A3956D46DE8}") = "DATA", "DATA", "{AF3D6427-1B04-486A-A112-7870723B2BFF}"
EndProject
Project("{2150E333-8FDC-42A3-9474-1A3956D46DE8}") = "UI", "UI", "{18BDC4A4-042F-4C8B-9EA0-8FA03CCD5F1E}"
EndProject
Project("{2150E333-8FDC-42A3-9474-1A3956D46DE8}") = "DESKTOP", "DESKTOP", "{D3ECB603-B1E0-4BD6-B6D2-3A65913E4AFF}"
EndProject
Project("{2150E333-8FDC-42A3-9474-1A3956D46DE8}") = "TEST", "TEST", "{BC24CD72-7740-4889-A39A-487455ADE97E}"
EndProject
Project("{FAE04EC0-301F-11D3-BF4B-00C04F79EFBC}") = "WinApplWatcher", "..\WinApplWatcher\WinApplWatcher\WinApplWatcher.csproj", "{EA1CD2EF-6032-4BD7-89AD-3B530E3DF5A4}"
EndProject
Project("{2150E333-8FDC-42A3-9474-1A3956D46DE8}") = "API", "API", "{69F4EBA3-98D2-4BC6-B6F8-C2E5DB774B2B}"
EndProject
Project("{FAE04EC0-301F-11D3-BF4B-00C04F79EFBC}") = "TokenBasedAuthentication", "..\TokenBasedAuthentication\TokenBasedAuthentication\TokenBasedAuthentication.csproj", "{C1DD644D-80A2-427E-BED5-E136687705C4}"
EndProject
Project("{FAE04EC0-301F-11D3-BF4B-00C04F79EFBC}") = "TrakME", "TrakME\TrakME.csproj", "{D83589C8-0794-4D1C-97F7-121A5B222D64}"
EndProject
Project("{FAE04EC0-301F-11D3-BF4B-00C04F79EFBC}") = "TrakME.DATA", "TrakME.DATA\TrakME.DATA.csproj", "{175E62CF-64B3-44AF-B1FF-C2B2203367A1}"
EndProject
Project("{FAE04EC0-301F-11D3-BF4B-00C04F79EFBC}") = "TrakMe.CLASSIFIED.DATA", "TrakMe.Classified.Data\TrakMe.CLASSIFIED.DATA.csproj", "{B49A6B46-3652-44DF-AC65-AED46341ABA3}"
EndProject
Project("{FAE04EC0-301F-11D3-BF4B-00C04F79EFBC}") = "TrakMe.CLASSIFIED", "TrakMe.CLASSIFIED\TrakMe.CLASSIFIED.csproj", "{DDD87EB0-D85A-45E9-8CC0-59C250BF848B}"
EndProject
Project("{FAE04EC0-301F-11D3-BF4B-00C04F79EFBC}") = "TrakME.Common", "TrakME.Common\TrakME.Common.csproj", "{CC3791BB-A621-4153-9B37-EC607ED9CEB0}"
EndProject
Global
	GlobalSection(SolutionConfigurationPlatforms) = preSolution
		Debug|Any CPU = Debug|Any CPU
		Release|Any CPU = Release|Any CPU
	EndGlobalSection
	GlobalSection(ProjectConfigurationPlatforms) = postSolution
		{1E1D8E21-B71D-4037-A55C-9F8413C2735C}.Debug|Any CPU.ActiveCfg = Debug|Any CPU
		{1E1D8E21-B71D-4037-A55C-9F8413C2735C}.Debug|Any CPU.Build.0 = Debug|Any CPU
		{1E1D8E21-B71D-4037-A55C-9F8413C2735C}.Release|Any CPU.ActiveCfg = Release|Any CPU
		{1E1D8E21-B71D-4037-A55C-9F8413C2735C}.Release|Any CPU.Build.0 = Release|Any CPU
		{4DA1C352-EB6F-43C4-9782-C42F0951FF63}.Debug|Any CPU.ActiveCfg = Debug|Any CPU
		{4DA1C352-EB6F-43C4-9782-C42F0951FF63}.Debug|Any CPU.Build.0 = Debug|Any CPU
		{4DA1C352-EB6F-43C4-9782-C42F0951FF63}.Release|Any CPU.ActiveCfg = Release|Any CPU
		{4DA1C352-EB6F-43C4-9782-C42F0951FF63}.Release|Any CPU.Build.0 = Release|Any CPU
		{3BFF1136-E9D1-48EF-B86B-47B1289464F1}.Debug|Any CPU.ActiveCfg = Debug|Any CPU
		{3BFF1136-E9D1-48EF-B86B-47B1289464F1}.Debug|Any CPU.Build.0 = Debug|Any CPU
		{3BFF1136-E9D1-48EF-B86B-47B1289464F1}.Release|Any CPU.ActiveCfg = Release|Any CPU
		{3BFF1136-E9D1-48EF-B86B-47B1289464F1}.Release|Any CPU.Build.0 = Release|Any CPU
		{570E9FBC-67CE-4FC3-ADA7-2C7B21C09539}.Debug|Any CPU.ActiveCfg = Debug|Any CPU
		{570E9FBC-67CE-4FC3-ADA7-2C7B21C09539}.Debug|Any CPU.Build.0 = Debug|Any CPU
		{570E9FBC-67CE-4FC3-ADA7-2C7B21C09539}.Release|Any CPU.ActiveCfg = Release|Any CPU
		{570E9FBC-67CE-4FC3-ADA7-2C7B21C09539}.Release|Any CPU.Build.0 = Release|Any CPU
		{F52AA97E-180A-40ED-8F2B-09080171D6C7}.Debug|Any CPU.ActiveCfg = Debug|Any CPU
		{F52AA97E-180A-40ED-8F2B-09080171D6C7}.Debug|Any CPU.Build.0 = Debug|Any CPU
		{F52AA97E-180A-40ED-8F2B-09080171D6C7}.Release|Any CPU.ActiveCfg = Release|Any CPU
		{F52AA97E-180A-40ED-8F2B-09080171D6C7}.Release|Any CPU.Build.0 = Release|Any CPU
		{899816F4-B5C6-4D3A-AECB-3F32643B776E}.Debug|Any CPU.ActiveCfg = Debug
		{899816F4-B5C6-4D3A-AECB-3F32643B776E}.Debug|Any CPU.Build.0 = Debug
		{899816F4-B5C6-4D3A-AECB-3F32643B776E}.Release|Any CPU.ActiveCfg = Release
		{899816F4-B5C6-4D3A-AECB-3F32643B776E}.Release|Any CPU.Build.0 = Release
		{EA1CD2EF-6032-4BD7-89AD-3B530E3DF5A4}.Debug|Any CPU.ActiveCfg = Debug|Any CPU
		{EA1CD2EF-6032-4BD7-89AD-3B530E3DF5A4}.Debug|Any CPU.Build.0 = Debug|Any CPU
		{EA1CD2EF-6032-4BD7-89AD-3B530E3DF5A4}.Release|Any CPU.ActiveCfg = Release|Any CPU
		{EA1CD2EF-6032-4BD7-89AD-3B530E3DF5A4}.Release|Any CPU.Build.0 = Release|Any CPU
		{C1DD644D-80A2-427E-BED5-E136687705C4}.Debug|Any CPU.ActiveCfg = Debug|Any CPU
		{C1DD644D-80A2-427E-BED5-E136687705C4}.Debug|Any CPU.Build.0 = Debug|Any CPU
		{C1DD644D-80A2-427E-BED5-E136687705C4}.Release|Any CPU.ActiveCfg = Release|Any CPU
		{C1DD644D-80A2-427E-BED5-E136687705C4}.Release|Any CPU.Build.0 = Release|Any CPU
		{D83589C8-0794-4D1C-97F7-121A5B222D64}.Debug|Any CPU.ActiveCfg = Debug|Any CPU
		{D83589C8-0794-4D1C-97F7-121A5B222D64}.Debug|Any CPU.Build.0 = Debug|Any CPU
		{D83589C8-0794-4D1C-97F7-121A5B222D64}.Release|Any CPU.ActiveCfg = Release|Any CPU
		{D83589C8-0794-4D1C-97F7-121A5B222D64}.Release|Any CPU.Build.0 = Release|Any CPU
		{175E62CF-64B3-44AF-B1FF-C2B2203367A1}.Debug|Any CPU.ActiveCfg = Debug|Any CPU
		{175E62CF-64B3-44AF-B1FF-C2B2203367A1}.Debug|Any CPU.Build.0 = Debug|Any CPU
		{175E62CF-64B3-44AF-B1FF-C2B2203367A1}.Release|Any CPU.ActiveCfg = Release|Any CPU
		{175E62CF-64B3-44AF-B1FF-C2B2203367A1}.Release|Any CPU.Build.0 = Release|Any CPU
		{B49A6B46-3652-44DF-AC65-AED46341ABA3}.Debug|Any CPU.ActiveCfg = Debug|Any CPU
		{B49A6B46-3652-44DF-AC65-AED46341ABA3}.Debug|Any CPU.Build.0 = Debug|Any CPU
		{B49A6B46-3652-44DF-AC65-AED46341ABA3}.Release|Any CPU.ActiveCfg = Release|Any CPU
		{B49A6B46-3652-44DF-AC65-AED46341ABA3}.Release|Any CPU.Build.0 = Release|Any CPU
		{DDD87EB0-D85A-45E9-8CC0-59C250BF848B}.Debug|Any CPU.ActiveCfg = Debug|Any CPU
		{DDD87EB0-D85A-45E9-8CC0-59C250BF848B}.Debug|Any CPU.Build.0 = Debug|Any CPU
		{DDD87EB0-D85A-45E9-8CC0-59C250BF848B}.Release|Any CPU.ActiveCfg = Release|Any CPU
		{DDD87EB0-D85A-45E9-8CC0-59C250BF848B}.Release|Any CPU.Build.0 = Release|Any CPU
		{CC3791BB-A621-4153-9B37-EC607ED9CEB0}.Debug|Any CPU.ActiveCfg = Debug|Any CPU
		{CC3791BB-A621-4153-9B37-EC607ED9CEB0}.Debug|Any CPU.Build.0 = Debug|Any CPU
		{CC3791BB-A621-4153-9B37-EC607ED9CEB0}.Release|Any CPU.ActiveCfg = Release|Any CPU
		{CC3791BB-A621-4153-9B37-EC607ED9CEB0}.Release|Any CPU.Build.0 = Release|Any CPU
	EndGlobalSection
	GlobalSection(SolutionProperties) = preSolution
		HideSolutionNode = FALSE
	EndGlobalSection
	GlobalSection(NestedProjects) = preSolution
		{1E1D8E21-B71D-4037-A55C-9F8413C2735C} = {18BDC4A4-042F-4C8B-9EA0-8FA03CCD5F1E}
		{4DA1C352-EB6F-43C4-9782-C42F0951FF63} = {BC24CD72-7740-4889-A39A-487455ADE97E}
		{3BFF1136-E9D1-48EF-B86B-47B1289464F1} = {AF3D6427-1B04-486A-A112-7870723B2BFF}
		{570E9FBC-67CE-4FC3-ADA7-2C7B21C09539} = {D3ECB603-B1E0-4BD6-B6D2-3A65913E4AFF}
		{F52AA97E-180A-40ED-8F2B-09080171D6C7} = {D3ECB603-B1E0-4BD6-B6D2-3A65913E4AFF}
		{899816F4-B5C6-4D3A-AECB-3F32643B776E} = {D3ECB603-B1E0-4BD6-B6D2-3A65913E4AFF}
		{EA1CD2EF-6032-4BD7-89AD-3B530E3DF5A4} = {D3ECB603-B1E0-4BD6-B6D2-3A65913E4AFF}
		{C1DD644D-80A2-427E-BED5-E136687705C4} = {69F4EBA3-98D2-4BC6-B6F8-C2E5DB774B2B}
		{D83589C8-0794-4D1C-97F7-121A5B222D64} = {18BDC4A4-042F-4C8B-9EA0-8FA03CCD5F1E}
		{175E62CF-64B3-44AF-B1FF-C2B2203367A1} = {AF3D6427-1B04-486A-A112-7870723B2BFF}
		{B49A6B46-3652-44DF-AC65-AED46341ABA3} = {AF3D6427-1B04-486A-A112-7870723B2BFF}
		{DDD87EB0-D85A-45E9-8CC0-59C250BF848B} = {18BDC4A4-042F-4C8B-9EA0-8FA03CCD5F1E}
		{CC3791BB-A621-4153-9B37-EC607ED9CEB0} = {18BDC4A4-042F-4C8B-9EA0-8FA03CCD5F1E}
	EndGlobalSection
EndGlobal
